
Microsoft Visual Studio Solution File, Format Version 12.00
# Visual Studio Version 16
VisualStudioVersion = 16.0.31005.135
MinimumVisualStudioVersion = 10.0.40219.1
Project("{FAE04EC0-301F-11D3-BF4B-00C04F79EFBC}") = "exercicioproposto1", "exercicioproposto1\exercicioproposto1.csproj", "{C49EA63D-D7E8-4265-9AF6-C9FC2A68D902}"
EndProject
Global
	GlobalSection(SolutionConfigurationPlatforms) = preSolution
		Debug|Any CPU = Debug|Any CPU
		Release|Any CPU = Release|Any CPU
	EndGlobalSection
	GlobalSection(ProjectConfigurationPlatforms) = postSolution
		{C49EA63D-D7E8-4265-9AF6-C9FC2A68D902}.Debug|Any CPU.ActiveCfg = Debug|Any CPU
		{C49EA63D-D7E8-4265-9AF6-C9FC2A68D902}.Debug|Any CPU.Build.0 = Debug|Any CPU
		{C49EA63D-D7E8-4265-9AF6-C9FC2A68D902}.Release|Any CPU.ActiveCfg = Release|Any CPU
		{C49EA63D-D7E8-4265-9AF6-C9FC2A68D902}.Release|Any CPU.Build.0 = Release|Any CPU
	EndGlobalSection
	GlobalSection(SolutionProperties) = preSolution
		HideSolutionNode = FALSE
	EndGlobalSection
	GlobalSection(ExtensibilityGlobals) = postSolution
		SolutionGuid = {E911C258-2AC7-4F9C-BC03-3348B55B6411}
	EndGlobalSection
EndGlobal
